// !$*UTF8*$!
{
	archiveVersion = 1;
	classes = {
	};
	objectVersion = 46;
	objects = {

/* Begin PBXBuildFile section */
		D3DD427D186E390800A2A2E6 /* Foundation.framework in Frameworks */ = {isa = PBXBuildFile; fileRef = D3DD427C186E390800A2A2E6 /* Foundation.framework */; };
		D3DD427F186E390800A2A2E6 /* CoreGraphics.framework in Frameworks */ = {isa = PBXBuildFile; fileRef = D3DD427E186E390800A2A2E6 /* CoreGraphics.framework */; };
		D3DD4281186E390800A2A2E6 /* UIKit.framework in Frameworks */ = {isa = PBXBuildFile; fileRef = D3DD4280186E390800A2A2E6 /* UIKit.framework */; };
		D3DD4287186E390800A2A2E6 /* InfoPlist.strings in Resources */ = {isa = PBXBuildFile; fileRef = D3DD4285186E390800A2A2E6 /* InfoPlist.strings */; };
		D3DD4289186E390800A2A2E6 /* main.m in Sources */ = {isa = PBXBuildFile; fileRef = D3DD4288186E390800A2A2E6 /* main.m */; };
		D3DD428D186E390800A2A2E6 /* VINAppDelegate.m in Sources */ = {isa = PBXBuildFile; fileRef = D3DD428C186E390800A2A2E6 /* VINAppDelegate.m */; };
		D3DD4290186E390800A2A2E6 /* Main_iPhone.storyboard in Resources */ = {isa = PBXBuildFile; fileRef = D3DD428E186E390800A2A2E6 /* Main_iPhone.storyboard */; };
		D3DD4293186E390800A2A2E6 /* Main_iPad.storyboard in Resources */ = {isa = PBXBuildFile; fileRef = D3DD4291186E390800A2A2E6 /* Main_iPad.storyboard */; };
		D3DD4296186E390800A2A2E6 /* VINViewController.m in Sources */ = {isa = PBXBuildFile; fileRef = D3DD4295186E390800A2A2E6 /* VINViewController.m */; };
		D3DD4298186E390800A2A2E6 /* Images.xcassets in Resources */ = {isa = PBXBuildFile; fileRef = D3DD4297186E390800A2A2E6 /* Images.xcassets */; };
		D3DD429F186E390800A2A2E6 /* XCTest.framework in Frameworks */ = {isa = PBXBuildFile; fileRef = D3DD429E186E390800A2A2E6 /* XCTest.framework */; };
		D3DD42A0186E390800A2A2E6 /* Foundation.framework in Frameworks */ = {isa = PBXBuildFile; fileRef = D3DD427C186E390800A2A2E6 /* Foundation.framework */; };
		D3DD42A1186E390800A2A2E6 /* UIKit.framework in Frameworks */ = {isa = PBXBuildFile; fileRef = D3DD4280186E390800A2A2E6 /* UIKit.framework */; };
		D3DD42A9186E390800A2A2E6 /* InfoPlist.strings in Resources */ = {isa = PBXBuildFile; fileRef = D3DD42A7186E390800A2A2E6 /* InfoPlist.strings */; };
		D3DD42AB186E390800A2A2E6 /* VINReaderSampleTests.m in Sources */ = {isa = PBXBuildFile; fileRef = D3DD42AA186E390800A2A2E6 /* VINReaderSampleTests.m */; };
		D3DD42B7186E399E00A2A2E6 /* AVFoundation.framework in Frameworks */ = {isa = PBXBuildFile; fileRef = D3DD42B6186E399E00A2A2E6 /* AVFoundation.framework */; };
		D3DD42B9186E39A300A2A2E6 /* CoreMedia.framework in Frameworks */ = {isa = PBXBuildFile; fileRef = D3DD42B8186E39A300A2A2E6 /* CoreMedia.framework */; };
		D3DD42BB186E39A800A2A2E6 /* CoreVideo.framework in Frameworks */ = {isa = PBXBuildFile; fileRef = D3DD42BA186E39A800A2A2E6 /* CoreVideo.framework */; };
		D3DD42BD186E39AE00A2A2E6 /* QuartzCore.framework in Frameworks */ = {isa = PBXBuildFile; fileRef = D3DD42BC186E39AE00A2A2E6 /* QuartzCore.framework */; };
		D3DD42BF186E39B600A2A2E6 /* libiconv.dylib in Frameworks */ = {isa = PBXBuildFile; fileRef = D3DD42BE186E39B600A2A2E6 /* libiconv.dylib */; };
		D3DD42C1186E3A3800A2A2E6 /* ZBarSDK in Resources */ = {isa = PBXBuildFile; fileRef = D3DD42C0186E3A3800A2A2E6 /* ZBarSDK */; };
		D3DD42C3186E3A8F00A2A2E6 /* libzbar.a in Frameworks */ = {isa = PBXBuildFile; fileRef = D3DD42C2186E3A8F00A2A2E6 /* libzbar.a */; };
/* End PBXBuildFile section */

/* Begin PBXContainerItemProxy section */
		D3DD42A2186E390800A2A2E6 /* PBXContainerItemProxy */ = {
			isa = PBXContainerItemProxy;
			containerPortal = D3DD4271186E390800A2A2E6 /* Project object */;
			proxyType = 1;
			remoteGlobalIDString = D3DD4278186E390800A2A2E6;
			remoteInfo = VINReaderSample;
		};
/* End PBXContainerItemProxy section */

/* Begin PBXFileReference section */
		D3DD4279186E390800A2A2E6 /* VINReaderSample.app */ = {isa = PBXFileReference; explicitFileType = wrapper.application; includeInIndex = 0; path = VINReaderSample.app; sourceTree = BUILT_PRODUCTS_DIR; };
		D3DD427C186E390800A2A2E6 /* Foundation.framework */ = {isa = PBXFileReference; lastKnownFileType = wrapper.framework; name = Foundation.framework; path = System/Library/Frameworks/Foundation.framework; sourceTree = SDKROOT; };
		D3DD427E186E390800A2A2E6 /* CoreGraphics.framework */ = {isa = PBXFileReference; lastKnownFileType = wrapper.framework; name = CoreGraphics.framework; path = System/Library/Frameworks/CoreGraphics.framework; sourceTree = SDKROOT; };
		D3DD4280186E390800A2A2E6 /* UIKit.framework */ = {isa = PBXFileReference; lastKnownFileType = wrapper.framework; name = UIKit.framework; path = System/Library/Frameworks/UIKit.framework; sourceTree = SDKROOT; };
		D3DD4284186E390800A2A2E6 /* VINReaderSample-Info.plist */ = {isa = PBXFileReference; lastKnownFileType = text.plist.xml; path = "VINReaderSample-Info.plist"; sourceTree = "<group>"; };
		D3DD4286186E390800A2A2E6 /* en */ = {isa = PBXFileReference; lastKnownFileType = text.plist.strings; name = en; path = en.lproj/InfoPlist.strings; sourceTree = "<group>"; };
		D3DD4288186E390800A2A2E6 /* main.m */ = {isa = PBXFileReference; lastKnownFileType = sourcecode.c.objc; path = main.m; sourceTree = "<group>"; };
		D3DD428A186E390800A2A2E6 /* VINReaderSample-Prefix.pch */ = {isa = PBXFileReference; lastKnownFileType = sourcecode.c.h; path = "VINReaderSample-Prefix.pch"; sourceTree = "<group>"; };
		D3DD428B186E390800A2A2E6 /* VINAppDelegate.h */ = {isa = PBXFileReference; lastKnownFileType = sourcecode.c.h; path = VINAppDelegate.h; sourceTree = "<group>"; };
		D3DD428C186E390800A2A2E6 /* VINAppDelegate.m */ = {isa = PBXFileReference; lastKnownFileType = sourcecode.c.objc; path = VINAppDelegate.m; sourceTree = "<group>"; };
		D3DD428F186E390800A2A2E6 /* Base */ = {isa = PBXFileReference; lastKnownFileType = file.storyboard; name = Base; path = Base.lproj/Main_iPhone.storyboard; sourceTree = "<group>"; };
		D3DD4292186E390800A2A2E6 /* Base */ = {isa = PBXFileReference; lastKnownFileType = file.storyboard; name = Base; path = Base.lproj/Main_iPad.storyboard; sourceTree = "<group>"; };
		D3DD4294186E390800A2A2E6 /* VINViewController.h */ = {isa = PBXFileReference; lastKnownFileType = sourcecode.c.h; path = VINViewController.h; sourceTree = "<group>"; };
		D3DD4295186E390800A2A2E6 /* VINViewController.m */ = {isa = PBXFileReference; lastKnownFileType = sourcecode.c.objc; path = VINViewController.m; sourceTree = "<group>"; };
		D3DD4297186E390800A2A2E6 /* Images.xcassets */ = {isa = PBXFileReference; lastKnownFileType = folder.assetcatalog; path = Images.xcassets; sourceTree = "<group>"; };
		D3DD429D186E390800A2A2E6 /* VINReaderSampleTests.xctest */ = {isa = PBXFileReference; explicitFileType = wrapper.cfbundle; includeInIndex = 0; path = VINReaderSampleTests.xctest; sourceTree = BUILT_PRODUCTS_DIR; };
		D3DD429E186E390800A2A2E6 /* XCTest.framework */ = {isa = PBXFileReference; lastKnownFileType = wrapper.framework; name = XCTest.framework; path = Library/Frameworks/XCTest.framework; sourceTree = DEVELOPER_DIR; };
		D3DD42A6186E390800A2A2E6 /* VINReaderSampleTests-Info.plist */ = {isa = PBXFileReference; lastKnownFileType = text.plist.xml; path = "VINReaderSampleTests-Info.plist"; sourceTree = "<group>"; };
		D3DD42A8186E390800A2A2E6 /* en */ = {isa = PBXFileReference; lastKnownFileType = text.plist.strings; name = en; path = en.lproj/InfoPlist.strings; sourceTree = "<group>"; };
		D3DD42AA186E390800A2A2E6 /* VINReaderSampleTests.m */ = {isa = PBXFileReference; lastKnownFileType = sourcecode.c.objc; path = VINReaderSampleTests.m; sourceTree = "<group>"; };
		D3DD42B6186E399E00A2A2E6 /* AVFoundation.framework */ = {isa = PBXFileReference; lastKnownFileType = wrapper.framework; name = AVFoundation.framework; path = System/Library/Frameworks/AVFoundation.framework; sourceTree = SDKROOT; };
		D3DD42B8186E39A300A2A2E6 /* CoreMedia.framework */ = {isa = PBXFileReference; lastKnownFileType = wrapper.framework; name = CoreMedia.framework; path = System/Library/Frameworks/CoreMedia.framework; sourceTree = SDKROOT; };
		D3DD42BA186E39A800A2A2E6 /* CoreVideo.framework */ = {isa = PBXFileReference; lastKnownFileType = wrapper.framework; name = CoreVideo.framework; path = System/Library/Frameworks/CoreVideo.framework; sourceTree = SDKROOT; };
		D3DD42BC186E39AE00A2A2E6 /* QuartzCore.framework */ = {isa = PBXFileReference; lastKnownFileType = wrapper.framework; name = QuartzCore.framework; path = System/Library/Frameworks/QuartzCore.framework; sourceTree = SDKROOT; };
		D3DD42BE186E39B600A2A2E6 /* libiconv.dylib */ = {isa = PBXFileReference; lastKnownFileType = "compiled.mach-o.dylib"; name = libiconv.dylib; path = usr/lib/libiconv.dylib; sourceTree = SDKROOT; };
		D3DD42C0186E3A3800A2A2E6 /* ZBarSDK */ = {isa = PBXFileReference; lastKnownFileType = folder; path = ZBarSDK; sourceTree = "<group>"; };
		D3DD42C2186E3A8F00A2A2E6 /* libzbar.a */ = {isa = PBXFileReference; lastKnownFileType = archive.ar; name = libzbar.a; path = VINReaderSample/ZBarSDK/libzbar.a; sourceTree = "<group>"; };
/* End PBXFileReference section */

/* Begin PBXFrameworksBuildPhase section */
		D3DD4276186E390800A2A2E6 /* Frameworks */ = {
			isa = PBXFrameworksBuildPhase;
			buildActionMask = 2147483647;
			files = (
				D3DD42B7186E399E00A2A2E6 /* AVFoundation.framework in Frameworks */,
				D3DD42B9186E39A300A2A2E6 /* CoreMedia.framework in Frameworks */,
				D3DD42BB186E39A800A2A2E6 /* CoreVideo.framework in Frameworks */,
				D3DD427F186E390800A2A2E6 /* CoreGraphics.framework in Frameworks */,
				D3DD42BD186E39AE00A2A2E6 /* QuartzCore.framework in Frameworks */,
				D3DD42BF186E39B600A2A2E6 /* libiconv.dylib in Frameworks */,
				D3DD4281186E390800A2A2E6 /* UIKit.framework in Frameworks */,
				D3DD427D186E390800A2A2E6 /* Foundation.framework in Frameworks */,
				D3DD42C3186E3A8F00A2A2E6 /* libzbar.a in Frameworks */,
			);
			runOnlyForDeploymentPostprocessing = 0;
		};
		D3DD429A186E390800A2A2E6 /* Frameworks */ = {
			isa = PBXFrameworksBuildPhase;
			buildActionMask = 2147483647;
			files = (
				D3DD429F186E390800A2A2E6 /* XCTest.framework in Frameworks */,
				D3DD42A1186E390800A2A2E6 /* UIKit.framework in Frameworks */,
				D3DD42A0186E390800A2A2E6 /* Foundation.framework in Frameworks */,
			);
			runOnlyForDeploymentPostprocessing = 0;
		};
/* End PBXFrameworksBuildPhase section */

/* Begin PBXGroup section */
		D3DD4270186E390800A2A2E6 = {
			isa = PBXGroup;
			children = (
				D3DD4282186E390800A2A2E6 /* VINReaderSample */,
				D3DD42A4186E390800A2A2E6 /* VINReaderSampleTests */,
				D3DD427B186E390800A2A2E6 /* Frameworks */,
				D3DD427A186E390800A2A2E6 /* Products */,
			);
			sourceTree = "<group>";
		};
		D3DD427A186E390800A2A2E6 /* Products */ = {
			isa = PBXGroup;
			children = (
				D3DD4279186E390800A2A2E6 /* VINReaderSample.app */,
				D3DD429D186E390800A2A2E6 /* VINReaderSampleTests.xctest */,
			);
			name = Products;
			sourceTree = "<group>";
		};
		D3DD427B186E390800A2A2E6 /* Frameworks */ = {
			isa = PBXGroup;
			children = (
				D3DD42C2186E3A8F00A2A2E6 /* libzbar.a */,
				D3DD42BE186E39B600A2A2E6 /* libiconv.dylib */,
				D3DD42BC186E39AE00A2A2E6 /* QuartzCore.framework */,
				D3DD42BA186E39A800A2A2E6 /* CoreVideo.framework */,
				D3DD42B8186E39A300A2A2E6 /* CoreMedia.framework */,
				D3DD42B6186E399E00A2A2E6 /* AVFoundation.framework */,
				D3DD427C186E390800A2A2E6 /* Foundation.framework */,
				D3DD427E186E390800A2A2E6 /* CoreGraphics.framework */,
				D3DD4280186E390800A2A2E6 /* UIKit.framework */,
				D3DD429E186E390800A2A2E6 /* XCTest.framework */,
			);
			name = Frameworks;
			sourceTree = "<group>";
		};
		D3DD4282186E390800A2A2E6 /* VINReaderSample */ = {
			isa = PBXGroup;
			children = (
				D3DD42C0186E3A3800A2A2E6 /* ZBarSDK */,
				D3DD428B186E390800A2A2E6 /* VINAppDelegate.h */,
				D3DD428C186E390800A2A2E6 /* VINAppDelegate.m */,
				D3DD428E186E390800A2A2E6 /* Main_iPhone.storyboard */,
				D3DD4291186E390800A2A2E6 /* Main_iPad.storyboard */,
				D3DD4294186E390800A2A2E6 /* VINViewController.h */,
				D3DD4295186E390800A2A2E6 /* VINViewController.m */,
				D3DD4297186E390800A2A2E6 /* Images.xcassets */,
				D3DD4283186E390800A2A2E6 /* Supporting Files */,
			);
			path = VINReaderSample;
			sourceTree = "<group>";
		};
		D3DD4283186E390800A2A2E6 /* Supporting Files */ = {
			isa = PBXGroup;
			children = (
				D3DD4284186E390800A2A2E6 /* VINReaderSample-Info.plist */,
				D3DD4285186E390800A2A2E6 /* InfoPlist.strings */,
				D3DD4288186E390800A2A2E6 /* main.m */,
				D3DD428A186E390800A2A2E6 /* VINReaderSample-Prefix.pch */,
			);
			name = "Supporting Files";
			sourceTree = "<group>";
		};
		D3DD42A4186E390800A2A2E6 /* VINReaderSampleTests */ = {
			isa = PBXGroup;
			children = (
				D3DD42AA186E390800A2A2E6 /* VINReaderSampleTests.m */,
				D3DD42A5186E390800A2A2E6 /* Supporting Files */,
			);
			path = VINReaderSampleTests;
			sourceTree = "<group>";
		};
		D3DD42A5186E390800A2A2E6 /* Supporting Files */ = {
			isa = PBXGroup;
			children = (
				D3DD42A6186E390800A2A2E6 /* VINReaderSampleTests-Info.plist */,
				D3DD42A7186E390800A2A2E6 /* InfoPlist.strings */,
			);
			name = "Supporting Files";
			sourceTree = "<group>";
		};
/* End PBXGroup section */

/* Begin PBXNativeTarget section */
		D3DD4278186E390800A2A2E6 /* VINReaderSample */ = {
			isa = PBXNativeTarget;
			buildConfigurationList = D3DD42AE186E390800A2A2E6 /* Build configuration list for PBXNativeTarget "VINReaderSample" */;
			buildPhases = (
				D3DD4275186E390800A2A2E6 /* Sources */,
				D3DD4276186E390800A2A2E6 /* Frameworks */,
				D3DD4277186E390800A2A2E6 /* Resources */,
			);
			buildRules = (
			);
			dependencies = (
			);
			name = VINReaderSample;
			productName = VINReaderSample;
			productReference = D3DD4279186E390800A2A2E6 /* VINReaderSample.app */;
			productType = "com.apple.product-type.application";
		};
		D3DD429C186E390800A2A2E6 /* VINReaderSampleTests */ = {
			isa = PBXNativeTarget;
			buildConfigurationList = D3DD42B1186E390800A2A2E6 /* Build configuration list for PBXNativeTarget "VINReaderSampleTests" */;
			buildPhases = (
				D3DD4299186E390800A2A2E6 /* Sources */,
				D3DD429A186E390800A2A2E6 /* Frameworks */,
				D3DD429B186E390800A2A2E6 /* Resources */,
			);
			buildRules = (
			);
			dependencies = (
				D3DD42A3186E390800A2A2E6 /* PBXTargetDependency */,
			);
			name = VINReaderSampleTests;
			productName = VINReaderSampleTests;
			productReference = D3DD429D186E390800A2A2E6 /* VINReaderSampleTests.xctest */;
			productType = "com.apple.product-type.bundle.unit-test";
		};
/* End PBXNativeTarget section */

/* Begin PBXProject section */
		D3DD4271186E390800A2A2E6 /* Project object */ = {
			isa = PBXProject;
			attributes = {
				CLASSPREFIX = VIN;
				LastUpgradeCheck = 0500;
				ORGANIZATIONNAME = envisageny.com;
				TargetAttributes = {
					D3DD429C186E390800A2A2E6 = {
						TestTargetID = D3DD4278186E390800A2A2E6;
					};
				};
			};
			buildConfigurationList = D3DD4274186E390800A2A2E6 /* Build configuration list for PBXProject "VINReaderSample" */;
			compatibilityVersion = "Xcode 3.2";
			developmentRegion = English;
			hasScannedForEncodings = 0;
			knownRegions = (
				en,
				Base,
			);
			mainGroup = D3DD4270186E390800A2A2E6;
			productRefGroup = D3DD427A186E390800A2A2E6 /* Products */;
			projectDirPath = "";
			projectRoot = "";
			targets = (
				D3DD4278186E390800A2A2E6 /* VINReaderSample */,
				D3DD429C186E390800A2A2E6 /* VINReaderSampleTests */,
			);
		};
/* End PBXProject section */

/* Begin PBXResourcesBuildPhase section */
		D3DD4277186E390800A2A2E6 /* Resources */ = {
			isa = PBXResourcesBuildPhase;
			buildActionMask = 2147483647;
			files = (
				D3DD4293186E390800A2A2E6 /* Main_iPad.storyboard in Resources */,
				D3DD42C1186E3A3800A2A2E6 /* ZBarSDK in Resources */,
				D3DD4298186E390800A2A2E6 /* Images.xcassets in Resources */,
				D3DD4290186E390800A2A2E6 /* Main_iPhone.storyboard in Resources */,
				D3DD4287186E390800A2A2E6 /* InfoPlist.strings in Resources */,
			);
			runOnlyForDeploymentPostprocessing = 0;
		};
		D3DD429B186E390800A2A2E6 /* Resources */ = {
			isa = PBXResourcesBuildPhase;
			buildActionMask = 2147483647;
			files = (
				D3DD42A9186E390800A2A2E6 /* InfoPlist.strings in Resources */,
			);
			runOnlyForDeploymentPostprocessing = 0;
		};
/* End PBXResourcesBuildPhase section */

/* Begin PBXSourcesBuildPhase section */
		D3DD4275186E390800A2A2E6 /* Sources */ = {
			isa = PBXSourcesBuildPhase;
			buildActionMask = 2147483647;
			files = (
				D3DD428D186E390800A2A2E6 /* VINAppDelegate.m in Sources */,
				D3DD4296186E390800A2A2E6 /* VINViewController.m in Sources */,
				D3DD4289186E390800A2A2E6 /* main.m in Sources */,
			);
			runOnlyForDeploymentPostprocessing = 0;
		};
		D3DD4299186E390800A2A2E6 /* Sources */ = {
			isa = PBXSourcesBuildPhase;
			buildActionMask = 2147483647;
			files = (
				D3DD42AB186E390800A2A2E6 /* VINReaderSampleTests.m in Sources */,
			);
			runOnlyForDeploymentPostprocessing = 0;
		};
/* End PBXSourcesBuildPhase section */

/* Begin PBXTargetDependency section */
		D3DD42A3186E390800A2A2E6 /* PBXTargetDependency */ = {
			isa = PBXTargetDependency;
			target = D3DD4278186E390800A2A2E6 /* VINReaderSample */;
			targetProxy = D3DD42A2186E390800A2A2E6 /* PBXContainerItemProxy */;
		};
/* End PBXTargetDependency section */

/* Begin PBXVariantGroup section */
		D3DD4285186E390800A2A2E6 /* InfoPlist.strings */ = {
			isa = PBXVariantGroup;
			children = (
				D3DD4286186E390800A2A2E6 /* en */,
			);
			name = InfoPlist.strings;
			sourceTree = "<group>";
		};
		D3DD428E186E390800A2A2E6 /* Main_iPhone.storyboard */ = {
			isa = PBXVariantGroup;
			children = (
				D3DD428F186E390800A2A2E6 /* Base */,
			);
			name = Main_iPhone.storyboard;
			sourceTree = "<group>";
		};
		D3DD4291186E390800A2A2E6 /* Main_iPad.storyboard */ = {
			isa = PBXVariantGroup;
			children = (
				D3DD4292186E390800A2A2E6 /* Base */,
			);
			name = Main_iPad.storyboard;
			sourceTree = "<group>";
		};
		D3DD42A7186E390800A2A2E6 /* InfoPlist.strings */ = {
			isa = PBXVariantGroup;
			children = (
				D3DD42A8186E390800A2A2E6 /* en */,
			);
			name = InfoPlist.strings;
			sourceTree = "<group>";
		};
/* End PBXVariantGroup section */

/* Begin XCBuildConfiguration section */
		D3DD42AC186E390800A2A2E6 /* Debug */ = {
			isa = XCBuildConfiguration;
			buildSettings = {
				ALWAYS_SEARCH_USER_PATHS = NO;
				ARCHS = "$(ARCHS_STANDARD_INCLUDING_64_BIT)";
				CLANG_CXX_LANGUAGE_STANDARD = "gnu++0x";
				CLANG_CXX_LIBRARY = "libc++";
				CLANG_ENABLE_MODULES = YES;
				CLANG_ENABLE_OBJC_ARC = YES;
				CLANG_WARN_BOOL_CONVERSION = YES;
				CLANG_WARN_CONSTANT_CONVERSION = YES;
				CLANG_WARN_DIRECT_OBJC_ISA_USAGE = YES_ERROR;
				CLANG_WARN_EMPTY_BODY = YES;
				CLANG_WARN_ENUM_CONVERSION = YES;
				CLANG_WARN_INT_CONVERSION = YES;
				CLANG_WARN_OBJC_ROOT_CLASS = YES_ERROR;
				CLANG_WARN__DUPLICATE_METHOD_MATCH = YES;
				"CODE_SIGN_IDENTITY[sdk=iphoneos*]" = "iPhone Developer";
				COPY_PHASE_STRIP = NO;
				GCC_C_LANGUAGE_STANDARD = gnu99;
				GCC_DYNAMIC_NO_PIC = NO;
				GCC_OPTIMIZATION_LEVEL = 0;
				GCC_PREPROCESSOR_DEFINITIONS = (
					"DEBUG=1",
					"$(inherited)",
				);
				GCC_SYMBOLS_PRIVATE_EXTERN = NO;
				GCC_WARN_64_TO_32_BIT_CONVERSION = YES;
				GCC_WARN_ABOUT_RETURN_TYPE = YES_ERROR;
				GCC_WARN_UNDECLARED_SELECTOR = YES;
				GCC_WARN_UNINITIALIZED_AUTOS = YES;
				GCC_WARN_UNUSED_FUNCTION = YES;
				GCC_WARN_UNUSED_VARIABLE = YES;
				IPHONEOS_DEPLOYMENT_TARGET = 7.0;
				ONLY_ACTIVE_ARCH = YES;
				SDKROOT = iphoneos;
				TARGETED_DEVICE_FAMILY = "1,2";
			};
			name = Debug;
		};
		D3DD42AD186E390800A2A2E6 /* Release */ = {
			isa = XCBuildConfiguration;
			buildSettings = {
				ALWAYS_SEARCH_USER_PATHS = NO;
				ARCHS = "$(ARCHS_STANDARD_INCLUDING_64_BIT)";
				CLANG_CXX_LANGUAGE_STANDARD = "gnu++0x";
				CLANG_CXX_LIBRARY = "libc++";
				CLANG_ENABLE_MODULES = YES;
				CLANG_ENABLE_OBJC_ARC = YES;
				CLANG_WARN_BOOL_CONVERSION = YES;
				CLANG_WARN_CONSTANT_CONVERSION = YES;
				CLANG_WARN_DIRECT_OBJC_ISA_USAGE = YES_ERROR;
				CLANG_WARN_EMPTY_BODY = YES;
				CLANG_WARN_ENUM_CONVERSION = YES;
				CLANG_WARN_INT_CONVERSION = YES;
				CLANG_WARN_OBJC_ROOT_CLASS = YES_ERROR;
				CLANG_WARN__DUPLICATE_METHOD_MATCH = YES;
				"CODE_SIGN_IDENTITY[sdk=iphoneos*]" = "iPhone Developer";
				COPY_PHASE_STRIP = YES;
				ENABLE_NS_ASSERTIONS = NO;
				GCC_C_LANGUAGE_STANDARD = gnu99;
				GCC_WARN_64_TO_32_BIT_CONVERSION = YES;
				GCC_WARN_ABOUT_RETURN_TYPE = YES_ERROR;
				GCC_WARN_UNDECLARED_SELECTOR = YES;
				GCC_WARN_UNINITIALIZED_AUTOS = YES;
				GCC_WARN_UNUSED_FUNCTION = YES;
				GCC_WARN_UNUSED_VARIABLE = YES;
				IPHONEOS_DEPLOYMENT_TARGET = 7.0;
				SDKROOT = iphoneos;
				TARGETED_DEVICE_FAMILY = "1,2";
				VALIDATE_PRODUCT = YES;
			};
			name = Release;
		};
		D3DD42AF186E390800A2A2E6 /* Debug */ = {
			isa = XCBuildConfiguration;
			buildSettings = {
				ASSETCATALOG_COMPILER_APPICON_NAME = AppIcon;
				ASSETCATALOG_COMPILER_LAUNCHIMAGE_NAME = LaunchImage;
				GCC_PRECOMPILE_PREFIX_HEADER = YES;
				GCC_PREFIX_HEADER = "VINReaderSample/VINReaderSample-Prefix.pch";
				INFOPLIST_FILE = "VINReaderSample/VINReaderSample-Info.plist";
				LIBRARY_SEARCH_PATHS = (
					"$(inherited)",
					/Users/charlee/Documents/iOSDev/VINReaderSample/VINReaderSample/ZBarSDK,
				);
				PRODUCT_NAME = "$(TARGET_NAME)";
				VALID_ARCHS = "arm64 armv7";
				"VALID_ARCHS[sdk=*]" = armv7;
				WRAPPER_EXTENSION = app;
			};
			name = Debug;
		};
		D3DD42B0186E390800A2A2E6 /* Release */ = {
			isa = XCBuildConfiguration;
			buildSettings = {
				ASSETCATALOG_COMPILER_APPICON_NAME = AppIcon;
				ASSETCATALOG_COMPILER_LAUNCHIMAGE_NAME = LaunchImage;
				GCC_PRECOMPILE_PREFIX_HEADER = YES;
				GCC_PREFIX_HEADER = "VINReaderSample/VINReaderSample-Prefix.pch";
				INFOPLIST_FILE = "VINReaderSample/VINReaderSample-Info.plist";
				LIBRARY_SEARCH_PATHS = (
					"$(inherited)",
					/Users/charlee/Documents/iOSDev/VINReaderSample/VINReaderSample/ZBarSDK,
				);
				PRODUCT_NAME = "$(TARGET_NAME)";
				VALID_ARCHS = armv7;
				WRAPPER_EXTENSION = app;
			};
			name = Release;
		};
		D3DD42B2186E390800A2A2E6 /* Debug */ = {
			isa = XCBuildConfiguration;
			buildSettings = {
				ARCHS = "$(ARCHS_STANDARD_INCLUDING_64_BIT)";
				BUNDLE_LOADER = "$(BUILT_PRODUCTS_DIR)/VINReaderSample.app/VINReaderSample";
				FRAMEWORK_SEARCH_PATHS = (
					"$(SDKROOT)/Developer/Library/Frameworks",
					"$(inherited)",
					"$(DEVELOPER_FRAMEWORKS_DIR)",
				);
				GCC_PRECOMPILE_PREFIX_HEADER = YES;
				GCC_PREFIX_HEADER = "VINReaderSample/VINReaderSample-Prefix.pch";
				GCC_PREPROCESSOR_DEFINITIONS = (
					"DEBUG=1",
					"$(inherited)",
				);
				INFOPLIST_FILE = "VINReaderSampleTests/VINReaderSampleTests-Info.plist";
				PRODUCT_NAME = "$(TARGET_NAME)";
				TEST_HOST = "$(BUNDLE_LOADER)";
				WRAPPER_EXTENSION = xctest;
			};
			name = Debug;
		};
		D3DD42B3186E390800A2A2E6 /* Release */ = {
			isa = XCBuildConfiguration;
			buildSettings = {
				ARCHS = "$(ARCHS_STANDARD_INCLUDING_64_BIT)";
				BUNDLE_LOADER = "$(BUILT_PRODUCTS_DIR)/VINReaderSample.app/VINReaderSample";
				FRAMEWORK_SEARCH_PATHS = (
					"$(SDKROOT)/Developer/Library/Frameworks",
					"$(inherited)",
					"$(DEVELOPER_FRAMEWORKS_DIR)",
				);
				GCC_PRECOMPILE_PREFIX_HEADER = YES;
				GCC_PREFIX_HEADER = "VINReaderSample/VINReaderSample-Prefix.pch";
				INFOPLIST_FILE = "VINReaderSampleTests/VINReaderSampleTests-Info.plist";
				PRODUCT_NAME = "$(TARGET_NAME)";
				TEST_HOST = "$(BUNDLE_LOADER)";
				WRAPPER_EXTENSION = xctest;
			};
			name = Release;
		};
/* End XCBuildConfiguration section */

/* Begin XCConfigurationList section */
		D3DD4274186E390800A2A2E6 /* Build configuration list for PBXProject "VINReaderSample" */ = {
			isa = XCConfigurationList;
			buildConfigurations = (
				D3DD42AC186E390800A2A2E6 /* Debug */,
				D3DD42AD186E390800A2A2E6 /* Release */,
			);
			defaultConfigurationIsVisible = 0;
			defaultConfigurationName = Release;
		};
		D3DD42AE186E390800A2A2E6 /* Build configuration list for PBXNativeTarget "VINReaderSample" */ = {
			isa = XCConfigurationList;
			buildConfigurations = (
				D3DD42AF186E390800A2A2E6 /* Debug */,
				D3DD42B0186E390800A2A2E6 /* Release */,
			);
			defaultConfigurationIsVisible = 0;
			defaultConfigurationName = Release;
		};
		D3DD42B1186E390800A2A2E6 /* Build configuration list for PBXNativeTarget "VINReaderSampleTests" */ = {
			isa = XCConfigurationList;
			buildConfigurations = (
				D3DD42B2186E390800A2A2E6 /* Debug */,
				D3DD42B3186E390800A2A2E6 /* Release */,
			);
			defaultConfigurationIsVisible = 0;
			defaultConfigurationName = Release;
		};
/* End XCConfigurationList section */
	};
	rootObject = D3DD4271186E390800A2A2E6 /* Project object */;
}
